
Microsoft Visual Studio Solution File, Format Version 12.00
# Visual Studio Version 17
VisualStudioVersion = 17.1.32319.34
MinimumVisualStudioVersion = 10.0.40219.1
Project("{FAE04EC0-301F-11D3-BF4B-00C04F79EFBC}") = "ArmTemplates", "ArmTemplates\ArmTemplates.csproj", "{9EFA5D7F-BF9C-426C-812A-03D869533D85}"
EndProject
Project("{151D2E53-A2C4-4D7D-83FE-D05416EBD58E}") = "ArmTemplates.Templates", "ArmTemplates.Templates\ArmTemplates.Templates.deployproj", "{36EA05EE-BB7B-475E-82A8-DCAB36838BB8}"
EndProject
Global
	GlobalSection(SolutionConfigurationPlatforms) = preSolution
		Debug|Any CPU = Debug|Any CPU
		Release|Any CPU = Release|Any CPU
	EndGlobalSection
	GlobalSection(ProjectConfigurationPlatforms) = postSolution
		{9EFA5D7F-BF9C-426C-812A-03D869533D85}.Debug|Any CPU.ActiveCfg = Debug|Any CPU
		{9EFA5D7F-BF9C-426C-812A-03D869533D85}.Debug|Any CPU.Build.0 = Debug|Any CPU
		{9EFA5D7F-BF9C-426C-812A-03D869533D85}.Release|Any CPU.ActiveCfg = Release|Any CPU
		{9EFA5D7F-BF9C-426C-812A-03D869533D85}.Release|Any CPU.Build.0 = Release|Any CPU
		{36EA05EE-BB7B-475E-82A8-DCAB36838BB8}.Debug|Any CPU.ActiveCfg = Debug|Any CPU
		{36EA05EE-BB7B-475E-82A8-DCAB36838BB8}.Debug|Any CPU.Build.0 = Debug|Any CPU
		{36EA05EE-BB7B-475E-82A8-DCAB36838BB8}.Release|Any CPU.ActiveCfg = Release|Any CPU
		{36EA05EE-BB7B-475E-82A8-DCAB36838BB8}.Release|Any CPU.Build.0 = Release|Any CPU
	EndGlobalSection
	GlobalSection(SolutionProperties) = preSolution
		HideSolutionNode = FALSE
	EndGlobalSection
	GlobalSection(ExtensibilityGlobals) = postSolution
		SolutionGuid = {6D1E12BD-270D-4B0B-B13B-0E8C549EE794}
	EndGlobalSection
EndGlobal
